
Microsoft Visual Studio Solution File, Format Version 12.00
# Visual Studio Version 16
VisualStudioVersion = 16.0.30204.135
MinimumVisualStudioVersion = 10.0.40219.1
Project("{FAE04EC0-301F-11D3-BF4B-00C04F79EFBC}") = "MyFirstConsoleApp", "MyFirstConsoleApp.csproj", "{5CE236E4-165B-41E1-879C-DA3BDD06CD00}"
EndProject
Global
	GlobalSection(SolutionConfigurationPlatforms) = preSolution
		Debug|Any CPU = Debug|Any CPU
		Release|Any CPU = Release|Any CPU
	EndGlobalSection
	GlobalSection(ProjectConfigurationPlatforms) = postSolution
		{5CE236E4-165B-41E1-879C-DA3BDD06CD00}.Debug|Any CPU.ActiveCfg = Debug|Any CPU
		{5CE236E4-165B-41E1-879C-DA3BDD06CD00}.Debug|Any CPU.Build.0 = Debug|Any CPU
		{5CE236E4-165B-41E1-879C-DA3BDD06CD00}.Release|Any CPU.ActiveCfg = Release|Any CPU
		{5CE236E4-165B-41E1-879C-DA3BDD06CD00}.Release|Any CPU.Build.0 = Release|Any CPU
	EndGlobalSection
	GlobalSection(SolutionProperties) = preSolution
		HideSolutionNode = FALSE
	EndGlobalSection
	GlobalSection(ExtensibilityGlobals) = postSolution
		SolutionGuid = {CCC13E63-B420-4846-8D22-9070B0D1AA4D}
	EndGlobalSection
EndGlobal
